
Microsoft Visual Studio Solution File, Format Version 12.00
# Visual Studio 2012
Project("{FAE04EC0-301F-11D3-BF4B-00C04F79EFBC}") = "MipsSharpSimulator", "MipsSharpSimulator\MipsSharpSimulator.csproj", "{DEDE4E64-0E8E-4E20-8B07-57C6FEE97AAB}"
EndProject
Global
	GlobalSection(SolutionConfigurationPlatforms) = preSolution
		Debug|x86 = Debug|x86
		Release|x86 = Release|x86
	EndGlobalSection
	GlobalSection(ProjectConfigurationPlatforms) = postSolution
		{DEDE4E64-0E8E-4E20-8B07-57C6FEE97AAB}.Debug|x86.ActiveCfg = Debug|x86
		{DEDE4E64-0E8E-4E20-8B07-57C6FEE97AAB}.Debug|x86.Build.0 = Debug|x86
		{DEDE4E64-0E8E-4E20-8B07-57C6FEE97AAB}.Release|x86.ActiveCfg = Release|x86
		{DEDE4E64-0E8E-4E20-8B07-57C6FEE97AAB}.Release|x86.Build.0 = Release|x86
	EndGlobalSection
EndGlobal
